
Microsoft Visual Studio Solution File, Format Version 12.00
# Visual Studio Version 17
VisualStudioVersion = 17.14.36327.8 d17.14
MinimumVisualStudioVersion = 10.0.40219.1
Project("{FAE04EC0-301F-11D3-BF4B-00C04F79EFBC}") = "SentimentAnalysis.API", "SentimentAnalysis.API\SentimentAnalysis.API.csproj", "{CEA3835A-0017-4B38-80D5-086B52EFB5FF}"
EndProject
Project("{FAE04EC0-301F-11D3-BF4B-00C04F79EFBC}") = "SentimentAnalysis.Domain", "SentimentAnalysis.Domain\SentimentAnalysis.Domain.csproj", "{D7F8900A-B1D9-4D32-B675-1D0DCFB7A651}"
EndProject
Project("{FAE04EC0-301F-11D3-BF4B-00C04F79EFBC}") = "SentimentAnalysis.Application", "SentimentAnalysis.Application\SentimentAnalysis.Application.csproj", "{1596AE17-99BD-46FE-A459-590CB0DE776A}"
EndProject
Project("{FAE04EC0-301F-11D3-BF4B-00C04F79EFBC}") = "SentimentAnalysis.Infrastructure", "SentimentAnalysis.Infrastructure\SentimentAnalysis.Infrastructure.csproj", "{A78C642F-DE7C-4272-BE22-6A61AA1EE5B0}"
EndProject
Global
	GlobalSection(SolutionConfigurationPlatforms) = preSolution
		Debug|Any CPU = Debug|Any CPU
		Release|Any CPU = Release|Any CPU
	EndGlobalSection
	GlobalSection(ProjectConfigurationPlatforms) = postSolution
		{CEA3835A-0017-4B38-80D5-086B52EFB5FF}.Debug|Any CPU.ActiveCfg = Debug|Any CPU
		{CEA3835A-0017-4B38-80D5-086B52EFB5FF}.Debug|Any CPU.Build.0 = Debug|Any CPU
		{CEA3835A-0017-4B38-80D5-086B52EFB5FF}.Release|Any CPU.ActiveCfg = Release|Any CPU
		{CEA3835A-0017-4B38-80D5-086B52EFB5FF}.Release|Any CPU.Build.0 = Release|Any CPU
		{D7F8900A-B1D9-4D32-B675-1D0DCFB7A651}.Debug|Any CPU.ActiveCfg = Debug|Any CPU
		{D7F8900A-B1D9-4D32-B675-1D0DCFB7A651}.Debug|Any CPU.Build.0 = Debug|Any CPU
		{D7F8900A-B1D9-4D32-B675-1D0DCFB7A651}.Release|Any CPU.ActiveCfg = Release|Any CPU
		{D7F8900A-B1D9-4D32-B675-1D0DCFB7A651}.Release|Any CPU.Build.0 = Release|Any CPU
		{1596AE17-99BD-46FE-A459-590CB0DE776A}.Debug|Any CPU.ActiveCfg = Debug|Any CPU
		{1596AE17-99BD-46FE-A459-590CB0DE776A}.Debug|Any CPU.Build.0 = Debug|Any CPU
		{1596AE17-99BD-46FE-A459-590CB0DE776A}.Release|Any CPU.ActiveCfg = Release|Any CPU
		{1596AE17-99BD-46FE-A459-590CB0DE776A}.Release|Any CPU.Build.0 = Release|Any CPU
		{A78C642F-DE7C-4272-BE22-6A61AA1EE5B0}.Debug|Any CPU.ActiveCfg = Debug|Any CPU
		{A78C642F-DE7C-4272-BE22-6A61AA1EE5B0}.Debug|Any CPU.Build.0 = Debug|Any CPU
		{A78C642F-DE7C-4272-BE22-6A61AA1EE5B0}.Release|Any CPU.ActiveCfg = Release|Any CPU
		{A78C642F-DE7C-4272-BE22-6A61AA1EE5B0}.Release|Any CPU.Build.0 = Release|Any CPU
	EndGlobalSection
	GlobalSection(SolutionProperties) = preSolution
		HideSolutionNode = FALSE
	EndGlobalSection
	GlobalSection(ExtensibilityGlobals) = postSolution
		SolutionGuid = {FD14831E-A923-412B-99CA-A88CADFEDFAC}
	EndGlobalSection
EndGlobal
